# THIS IS AN AUTOGENERATED FILE. DO NOT EDIT THIS FILE DIRECTLY.
# yarn lockfile v1


"@js-joda/core@^5.5.3":
  version "5.7.0"
  resolved "http://localhost:4873/@js-joda/core/-/core-5.7.0.tgz#526d437b07cbb41e28df34d487cbfccbe730185b"
  integrity sha512-WBu4ULVVxySLLzK1Ppq+OdfP+adRS4ntmDQT915rzDJ++i95gc2jZkM5B6LWEAwN3lGXpfie3yPABozdD3K3Vg==

"@nodelib/fs.scandir@2.1.5":
  version "2.1.5"
  resolved "http://localhost:4873/@nodelib/fs.scandir/-/fs.scandir-2.1.5.tgz#7619c2eb21b25483f6d167548b4cfd5a7488c3d5"
  integrity sha512-vq24Bq3ym5HEQm2NKCr3yXDwjc7vTsEThRDnkp2DK9p1uqLR+DHurm/NOTo0KG7HYHU7eppKZj3MyqYuMBf62g==
  dependencies:
    "@nodelib/fs.stat" "2.0.5"
    run-parallel "^1.1.9"

"@nodelib/fs.stat@2.0.5", "@nodelib/fs.stat@^2.0.2":
  version "2.0.5"
  resolved "http://localhost:4873/@nodelib/fs.stat/-/fs.stat-2.0.5.tgz#5bd262af94e9d25bd1e71b05deed44876a222e8b"
  integrity sha512-RkhPPp2zrqDAQA/2jNhnztcPAlv64XdhIp7a7454A5ovI7Bukxgt7MX7udwAu3zg1DcpPU0rz3VV1SeaqvY4+A==

"@nodelib/fs.walk@^1.2.3":
  version "1.2.8"
  resolved "http://localhost:4873/@nodelib/fs.walk/-/fs.walk-1.2.8.tgz#e95737e8bb6746ddedf69c556953494f196fe69a"
  integrity sha512-oGB+UxlgWcgQkgwo8GcEGwemoTFt3FIO9ababBmaGwXIoBKZ+GTy0pP185beGg7Llih/NSHSV2XAs1lnznocSg==
  dependencies:
    "@nodelib/fs.scandir" "2.1.5"
    fastq "^1.6.0"

"@sindresorhus/merge-streams@^2.1.0":
  version "2.3.0"
  resolved "http://localhost:4873/@sindresorhus/merge-streams/-/merge-streams-2.3.0.tgz#719df7fb41766bc143369eaa0dd56d8dc87c9958"
  integrity sha512-LtoMMhxAlorcGhmFYI+LhPgbPZCkgP6ra1YL604EeF6U98pLlQ3iWIGMdWSC+vWmPBWBNgmDBAhnAobLROJmwg==

"@types/node@^22.10.2":
  version "22.19.17"
  resolved "http://localhost:4873/@types/node/-/node-22.19.17.tgz#09c71fb34ba2510f8ac865361b1fcb9552b8a581"
  integrity sha512-wGdMcf+vPYM6jikpS/qhg6WiqSV/OhG+jeeHT/KlVqxYfD40iYJf9/AE1uQxVWFvU7MipKRkRv8NSHiCGgPr8Q==
  dependencies:
    undici-types "~6.21.0"

after-all-results@^2.0.0:
  version "2.0.0"
  resolved "http://localhost:4873/after-all-results/-/after-all-results-2.0.0.tgz#6ac2fc202b500f88da8f4f5530cfa100f4c6a2d0"
  integrity sha512-2zHEyuhSJOuCrmas9YV0YL/MFCWLxe1dS6k/ENhgYrb/JqyMnadLN4iIAc9kkZrbElMDyyAGH/0J18OPErOWLg==

balanced-match@^1.0.0:
  version "1.0.2"
  resolved "http://localhost:4873/balanced-match/-/balanced-match-1.0.2.tgz#e83e3a7e3f300b34cb9d87f615fa0cbf357690ee"
  integrity sha512-3oSeUO0TMV67hN1AmbXsK4yaqU7tjiHlbxRDZOpH0KW9+CeX4bRAaX0Anxt0tx2MrpRpWwQaPwIlISEJhYU5Pw==

brace-expansion@^1.1.7:
  version "1.1.14"
  resolved "http://localhost:4873/brace-expansion/-/brace-expansion-1.1.14.tgz#d9de602370d91347cd9ddad1224d4fd701eb348b"
  integrity sha512-MWPGfDxnyzKU7rNOW9SP/c50vi3xrmrua/+6hfPbCS2ABNWfx24vPidzvC7krjU/RTo235sV776ymlsMtGKj8g==
  dependencies:
    balanced-match "^1.0.0"
    concat-map "0.0.1"

braces@^3.0.3:
  version "3.0.3"
  resolved "http://localhost:4873/braces/-/braces-3.0.3.tgz#490332f40919452272d55a8480adc0c441358789"
  integrity sha512-yQbXgO/OSZVD2IsiLlro+7Hf6Q18EJrKSEsdoMzKePKXct3gvD8oLcOQdIzGupr5Fj+EDe8gO/lxc1BzfMpxvA==
  dependencies:
    fill-range "^7.1.1"

commander@^12.1.0:
  version "12.1.0"
  resolved "http://localhost:4873/commander/-/commander-12.1.0.tgz#01423b36f501259fdaac4d0e4d60c96c991585d3"
  integrity sha512-Vw8qHK3bZM9y/P10u3Vib8o/DdkvA2OtPtZvD871QKjy74Wj1WSKFILMPRPSdUSx5RFK1arlJzEtA4PkFgnbuA==

concat-map@0.0.1:
  version "0.0.1"
  resolved "http://localhost:4873/concat-map/-/concat-map-0.0.1.tgz#d8a96bd77fd68df7793a73036a3ba0d5405d477b"
  integrity sha512-/Srv4dswyQNBfohGpz9o6Yb3Gz3SrUDqBH5rTuhGR7ahtlbYKnVxw2bCFMRljaA7EXHaXZ8wsHdodFvbkhKmqg==

del-cli@^6.0.0:
  version "6.0.0"
  resolved "http://localhost:4873/del-cli/-/del-cli-6.0.0.tgz#7822d0ffd5b73449a506a586d839711485bfb119"
  integrity sha512-9nitGV2W6KLFyya4qYt4+9AKQFL+c0Ehj5K7V7IwlxTc6RMCfQUGY9E9pLG6e8TQjtwXpuiWIGGZb3mfVxyZkw==
  dependencies:
    del "^8.0.0"
    meow "^13.2.0"

del@^8.0.0:
  version "8.0.1"
  resolved "http://localhost:4873/del/-/del-8.0.1.tgz#86772fe3a8c9f91bad0d7c6f79e04c6f310e50ac"
  integrity sha512-gPqh0mKTPvaUZGAuHbrBUYKZWBNAeHG7TU3QH5EhVwPMyKvmfJaNXhcD2jTcXsJRRcffuho4vaYweu80dRrMGA==
  dependencies:
    globby "^14.0.2"
    is-glob "^4.0.3"
    is-path-cwd "^3.0.0"
    is-path-inside "^4.0.0"
    p-map "^7.0.2"
    presentable-error "^0.0.1"
    slash "^5.1.0"

es-errors@^1.3.0:
  version "1.3.0"
  resolved "http://localhost:4873/es-errors/-/es-errors-1.3.0.tgz#05f75a25dab98e4fb1dcd5e1472c0546d5057c8f"
  integrity sha512-Zf5H2Kxt2xjTvbJvP2ZWLEICxA6j+hAmMzIlypy4xcBg1vKVnx89Wy0GbS+kf5cwCVFFzdCFh2XSCFNULS6csw==

fast-glob@^3.3.3:
  version "3.3.3"
  resolved "http://localhost:4873/fast-glob/-/fast-glob-3.3.3.tgz#d06d585ce8dba90a16b0505c543c3ccfb3aeb818"
  integrity sha512-7MptL8U0cqcFdzIzwOTHoilX9x5BrNqye7Z/LuC7kCMRio1EMSyqRK3BEAUD7sXRq4iT4AzTVuZdhgQ2TCvYLg==
  dependencies:
    "@nodelib/fs.stat" "^2.0.2"
    "@nodelib/fs.walk" "^1.2.3"
    glob-parent "^5.1.2"
    merge2 "^1.3.0"
    micromatch "^4.0.8"

fastq@^1.6.0:
  version "1.20.1"
  resolved "http://localhost:4873/fastq/-/fastq-1.20.1.tgz#ca750a10dc925bc8b18839fd203e3ef4b3ced675"
  integrity sha512-GGToxJ/w1x32s/D2EKND7kTil4n8OVk/9mycTc4VDza13lOvpUZTGX3mFSCtV9ksdGBVzvsyAVLM6mHFThxXxw==
  dependencies:
    reusify "^1.0.4"

fill-range@^7.1.1:
  version "7.1.1"
  resolved "http://localhost:4873/fill-range/-/fill-range-7.1.1.tgz#44265d3cac07e3ea7dc247516380643754a05292"
  integrity sha512-YsGpe3WHLK8ZYi4tWDg2Jy3ebRz2rXowDxnld4bkQB00cc/1Zw9AWnC0i9ztDJitivtQvaI9KaLyKrc+hBW0yg==
  dependencies:
    to-regex-range "^5.0.1"

fs.realpath@^1.0.0:
  version "1.0.0"
  resolved "http://localhost:4873/fs.realpath/-/fs.realpath-1.0.0.tgz#1504ad2523158caa40db4a2787cb01411994ea4f"
  integrity sha512-OO0pH2lK6a0hZnAdau5ItzHPI6pUlvI7jMVnxUQRtw4owF2wk8lOSabtGDCTP4Ggrg2MbGnWO9X8K1t4+fGMDw==

function-bind@^1.1.2:
  version "1.1.2"
  resolved "http://localhost:4873/function-bind/-/function-bind-1.1.2.tgz#2c02d864d97f3ea6c8830c464cbd11ab6eab7a1c"
  integrity sha512-7XHNxH7qX9xG5mIwxkhumTox/MIRNcOgDrxWsMt2pAr23WHp6MrRlN7FBSFpCpr+oVO0F744iUgR82nJMfG2SA==

git-state@^2.4.0:
  version "2.5.2"
  resolved "http://localhost:4873/git-state/-/git-state-2.5.2.tgz#2825424ac8f3bb2f02b37461559d2dafe1bda04a"
  integrity sha512-Iq3zs2/Bg6dOMCBaE7GEbZKb+XV/hEFJSMNs83dhrLcuerEwPCA35/V3lK9GEAZDgpfmwqOTsvjL8c9khzyq+A==
  dependencies:
    after-all-results "^2.0.0"

glob-parent@^5.1.2:
  version "5.1.2"
  resolved "http://localhost:4873/glob-parent/-/glob-parent-5.1.2.tgz#869832c58034fe68a4093c17dc15e8340d8401c4"
  integrity sha512-AOIgSQCepiJYwP3ARnGx+5VnTu2HBYdzbGP45eLw1vr3zB3vZLeyed1sC9hnbcOc9/SrMyM5RPQrkGz4aS9Zow==
  dependencies:
    is-glob "^4.0.1"

glob@^7.0.0:
  version "7.2.3"
  resolved "http://localhost:4873/glob/-/glob-7.2.3.tgz#b8df0fb802bbfa8e89bd1d938b4e16578ed44f2b"
  integrity sha512-nFR0zLpU2YCaRxwoCJvL6UvCH2JFyFVIvwTLsIf21AuHlMskA1hhTdk+LlYJtOlYt9v6dvszD2BGRqBL+iQK9Q==
  dependencies:
    fs.realpath "^1.0.0"
    inflight "^1.0.4"
    inherits "2"
    minimatch "^3.1.1"
    once "^1.3.0"
    path-is-absolute "^1.0.0"

globby@^14.0.2:
  version "14.1.0"
  resolved "http://localhost:4873/globby/-/globby-14.1.0.tgz#138b78e77cf5a8d794e327b15dce80bf1fb0a73e"
  integrity sha512-0Ia46fDOaT7k4og1PDW4YbodWWr3scS2vAr2lTbsplOt2WkKp0vQbkI9wKis/T5LV/dqPjO3bpS/z6GTJB82LA==
  dependencies:
    "@sindresorhus/merge-streams" "^2.1.0"
    fast-glob "^3.3.3"
    ignore "^7.0.3"
    path-type "^6.0.0"
    slash "^5.1.0"
    unicorn-magic "^0.3.0"

guid-typescript@^1.0.9:
  version "1.0.9"
  resolved "http://localhost:4873/guid-typescript/-/guid-typescript-1.0.9.tgz#e35f77003535b0297ea08548f5ace6adb1480ddc"
  integrity sha512-Y8T4vYhEfwJOTbouREvG+3XDsjr8E3kIr7uf+JZ0BYloFsttiHU0WfvANVsR7TxNUJa/WpCnw/Ino/p+DeBhBQ==

hasown@^2.0.2:
  version "2.0.2"
  resolved "http://localhost:4873/hasown/-/hasown-2.0.2.tgz#003eaf91be7adc372e84ec59dc37252cedb80003"
  integrity sha512-0hJU9SCPvmMzIBdZFqNPXWa6dqh7WdH0cII9y+CyS8rG3nL48Bclra9HmKhVVUHyPWNH5Y7xDwAB7bfgSjkUMQ==
  dependencies:
    function-bind "^1.1.2"

ignore@^7.0.3:
  version "7.0.5"
  resolved "http://localhost:4873/ignore/-/ignore-7.0.5.tgz#4cb5f6cd7d4c7ab0365738c7aea888baa6d7efd9"
  integrity sha512-Hs59xBNfUIunMFgWAbGX5cq6893IbWg4KnrjbYwX3tx0ztorVgTDA6B2sxf8ejHJ4wz8BqGUMYlnzNBer5NvGg==

inflight@^1.0.4:
  version "1.0.6"
  resolved "http://localhost:4873/inflight/-/inflight-1.0.6.tgz#49bd6331d7d02d0c09bc910a1075ba8165b56df9"
  integrity sha512-k92I/b08q4wvFscXCLvqfsHCrjrF7yiXsQuIVvVE7N82W3+aqpzuUdBbfhWcy/FZR3/4IgflMgKLOsvPDrGCJA==
  dependencies:
    once "^1.3.0"
    wrappy "1"

inherits@2:
  version "2.0.4"
  resolved "http://localhost:4873/inherits/-/inherits-2.0.4.tgz#0fa2c64f932917c3433a0ded55363aae37416b7c"
  integrity sha512-k/vGaX4/Yla3WzyMCvTQOXYeIHvqOKtnqBduzTHpzpQZzAskKMhZ2K+EnBiSM9zGSoIFeMpXKxa4dYeZIQqewQ==

interpret@^1.0.0:
  version "1.4.0"
  resolved "http://localhost:4873/interpret/-/interpret-1.4.0.tgz#665ab8bc4da27a774a40584e812e3e0fa45b1a1e"
  integrity sha512-agE4QfB2Lkp9uICn7BAqoscw4SZP9kTE2hxiFI3jBPmXJfdqiahTbUuKGsMoN2GtqL9AxhYioAcVvgsb1HvRbA==

is-core-module@^2.16.1:
  version "2.16.1"
  resolved "http://localhost:4873/is-core-module/-/is-core-module-2.16.1.tgz#2a98801a849f43e2add644fbb6bc6229b19a4ef4"
  integrity sha512-UfoeMA6fIJ8wTYFEUjelnaGI67v6+N7qXJEvQuIGa99l4xsCruSYOVSQ0uPANn4dAzm8lkYPaKLrrijLq7x23w==
  dependencies:
    hasown "^2.0.2"

is-extglob@^2.1.1:
  version "2.1.1"
  resolved "http://localhost:4873/is-extglob/-/is-extglob-2.1.1.tgz#a88c02535791f02ed37c76a1b9ea9773c833f8c2"
  integrity sha512-SbKbANkN603Vi4jEZv49LeVJMn4yGwsbzZworEoyEiutsN3nJYdbO36zfhGJ6QEDpOZIFkDtnq5JRxmvl3jsoQ==

is-glob@^4.0.1, is-glob@^4.0.3:
  version "4.0.3"
  resolved "http://localhost:4873/is-glob/-/is-glob-4.0.3.tgz#64f61e42cbbb2eec2071a9dac0b28ba1e65d5084"
  integrity sha512-xelSayHH36ZgE7ZWhli7pW34hNbNl8Ojv5KVmkJD4hBdD3th8Tfk9vYasLM+mXWOZhFkgZfxhLSnrwRr4elSSg==
  dependencies:
    is-extglob "^2.1.1"

is-number@^7.0.0:
  version "7.0.0"
  resolved "http://localhost:4873/is-number/-/is-number-7.0.0.tgz#7535345b896734d5f80c4d06c50955527a14f12b"
  integrity sha512-41Cifkg6e8TylSpdtTpeLVMqvSBEVzTttHvERD741+pnZ8ANv0004MRL43QKPDlK9cGvNp6NZWZUBlbGXYxxng==

is-path-cwd@^3.0.0:
  version "3.0.0"
  resolved "http://localhost:4873/is-path-cwd/-/is-path-cwd-3.0.0.tgz#889b41e55c8588b1eb2a96a61d05740a674521c7"
  integrity sha512-kyiNFFLU0Ampr6SDZitD/DwUo4Zs1nSdnygUBqsu3LooL00Qvb5j+UnvApUn/TTj1J3OuE6BTdQ5rudKmU2ZaA==

is-path-inside@^4.0.0:
  version "4.0.0"
  resolved "http://localhost:4873/is-path-inside/-/is-path-inside-4.0.0.tgz#805aeb62c47c1b12fc3fd13bfb3ed1e7430071db"
  integrity sha512-lJJV/5dYS+RcL8uQdBDW9c9uWFLLBNRyFhnAKXw5tVqLlKZ4RMGZKv+YQ/IA3OhD+RpbJa1LLFM1FQPGyIXvOA==

meow@^13.2.0:
  version "13.2.0"
  resolved "http://localhost:4873/meow/-/meow-13.2.0.tgz#6b7d63f913f984063b3cc261b6e8800c4cd3474f"
  integrity sha512-pxQJQzB6djGPXh08dacEloMFopsOqGVRKFPYvPOt9XDZ1HasbgDZA74CJGreSU4G3Ak7EFJGoiH2auq+yXISgA==

merge2@^1.3.0:
  version "1.4.1"
  resolved "http://localhost:4873/merge2/-/merge2-1.4.1.tgz#4368892f885e907455a6fd7dc55c0c9d404990ae"
  integrity sha512-8q7VEgMJW4J8tcfVPy8g09NcQwZdbwFEqhe/WZkoIzjn/3TGDwtOCYtXGxA3O8tPzpczCCDgv+P2P5y00ZJOOg==

micromatch@^4.0.8:
  version "4.0.8"
  resolved "http://localhost:4873/micromatch/-/micromatch-4.0.8.tgz#d66fa18f3a47076789320b9b1af32bd86d9fa202"
  integrity sha512-PXwfBhYu0hBCPw8Dn0E+WDYb7af3dSLVWKi3HGv84IdF4TyFoC0ysxFd0Goxw7nSv4T/PzEJQxsYsEiFCKo2BA==
  dependencies:
    braces "^3.0.3"
    picomatch "^2.3.1"

minimatch@^3.1.1:
  version "3.1.5"
  resolved "http://localhost:4873/minimatch/-/minimatch-3.1.5.tgz#580c88f8d5445f2bd6aa8f3cadefa0de79fbd69e"
  integrity sha512-VgjWUsnnT6n+NUk6eZq77zeFdpW2LWDzP6zFGrCbHXiYNul5Dzqk2HHQ5uFH2DNW5Xbp8+jVzaeNt94ssEEl4w==
  dependencies:
    brace-expansion "^1.1.7"

minimist@^1.2.3:
  version "1.2.8"
  resolved "http://localhost:4873/minimist/-/minimist-1.2.8.tgz#c1a464e7693302e082a075cee0c057741ac4772c"
  integrity sha512-2yyAR8qBkN3YuheJanUpWC5U3bb5osDywNB8RzDVlDwDHbocAJveqqj1u8+SVD7jkWT4yvsHCpWqqWqAxb0zCA==

npm-prerelease-timestamp@^1.0.0, npm-prerelease-timestamp@^1.0.1:
  version "1.0.1"
  resolved "http://localhost:4873/npm-prerelease-timestamp/-/npm-prerelease-timestamp-1.0.1.tgz#69c92f69989c726f3da3f33d4b75039af25aa73b"
  integrity sha512-aNfPA49KnbME7VF7qOzFczUNMg85dCduxN2T1oLhEYwc5rvLLYH1AGhkjkfGZEj85L3/+CIGol0JV23BQbcJzg==
  dependencies:
    "@types/node" "^22.10.2"
    commander "^12.1.0"
    npm-prerelease-timestamp "^1.0.0"
    npm-version-bump "^1.0.0"

npm-version-bump@^1.0.0:
  version "1.0.0"
  resolved "http://localhost:4873/npm-version-bump/-/npm-version-bump-1.0.0.tgz#170dbf0fd9c1494c9f389c51a0266f9211d9b682"
  integrity sha512-jDk+XeLsqXNQQYj8ebFNc0S8FSfqTfI8k6dC/Ehtk9qpBXh6SgolBVLmHIsbAuagCItrfQk5hPN2FkoHO1j7OQ==
  dependencies:
    git-state "^2.4.0"
    package-json-io "^1.0.0"
    semver "^5.0.1"

once@^1.3.0:
  version "1.4.0"
  resolved "http://localhost:4873/once/-/once-1.4.0.tgz#583b1aa775961d4b113ac17d9c50baef9dd76bd1"
  integrity sha512-lNaJgI+2Q5URQBkccEKHTQOPaXdUxnZZElQTZY0MFUAuaEqe1E+Nyvgdz/aIyNi6Z9MzO5dv1H8n58/GELp3+w==
  dependencies:
    wrappy "1"

p-map@^7.0.2:
  version "7.0.4"
  resolved "http://localhost:4873/p-map/-/p-map-7.0.4.tgz#b81814255f542e252d5729dca4d66e5ec14935b8"
  integrity sha512-tkAQEw8ysMzmkhgw8k+1U/iPhWNhykKnSk4Rd5zLoPJCuJaGRPo6YposrZgaxHKzDHdDWWZvE/Sk7hsL2X/CpQ==

package-json-io@^1.0.0:
  version "1.0.0"
  resolved "http://localhost:4873/package-json-io/-/package-json-io-1.0.0.tgz#6fa786ee167c859e5b473c7874b6b32083126c09"
  integrity sha512-W8P8B6u5EiIRq8+YHBuI5O1ulW8+n+47LshEA+s+3eJCo+N1XY2vAvk0qPpsJhsuhTMxgDdV4N624AkT5uqTxg==

path-is-absolute@^1.0.0:
  version "1.0.1"
  resolved "http://localhost:4873/path-is-absolute/-/path-is-absolute-1.0.1.tgz#174b9268735534ffbc7ace6bf53a5a9e1b5c5f5f"
  integrity sha512-AVbw3UJ2e9bq64vSaS9Am0fje1Pa8pbGqTTsmXfaIiMpnr5DlDhfJOuLj9Sf95ZPVDAUerDfEk88MPmPe7UCQg==

path-parse@^1.0.7:
  version "1.0.7"
  resolved "http://localhost:4873/path-parse/-/path-parse-1.0.7.tgz#fbc114b60ca42b30d9daf5858e4bd68bbedb6735"
  integrity sha512-LDJzPVEEEPR+y48z93A0Ed0yXb8pAByGWo/k5YYdYgpY2/2EsOsksJrq7lOHxryrVOn1ejG6oAp8ahvOIQD8sw==

path-type@^6.0.0:
  version "6.0.0"
  resolved "http://localhost:4873/path-type/-/path-type-6.0.0.tgz#2f1bb6791a91ce99194caede5d6c5920ed81eb51"
  integrity sha512-Vj7sf++t5pBD637NSfkxpHSMfWaeig5+DKWLhcqIYx6mWQz5hdJTGDVMQiJcw1ZYkhs7AazKDGpRVji1LJCZUQ==

picomatch@^2.3.1:
  version "2.3.2"
  resolved "http://localhost:4873/picomatch/-/picomatch-2.3.2.tgz#5a942915e26b372dc0f0e6753149a16e6b1c5601"
  integrity sha512-V7+vQEJ06Z+c5tSye8S+nHUfI51xoXIXjHQ99cQtKUkQqqO1kO/KCJUfZXuB47h/YBlDhah2H3hdUGXn8ie0oA==

presentable-error@^0.0.1:
  version "0.0.1"
  resolved "http://localhost:4873/presentable-error/-/presentable-error-0.0.1.tgz#6d2579d397b1384a0cc733b36375c2c8755d53c6"
  integrity sha512-E6rsNU1QNJgB3sjj7OANinGncFKuK+164sLXw1/CqBjj/EkXSoSdHCtWQGBNlREIGLnL7IEUEGa08YFVUbrhVg==

queue-microtask@^1.2.2:
  version "1.2.3"
  resolved "http://localhost:4873/queue-microtask/-/queue-microtask-1.2.3.tgz#4929228bbc724dfac43e0efb058caf7b6cfb6243"
  integrity sha512-NuaNSa6flKT5JaSYQzJok04JzTL1CA6aGhv5rfLW3PgqA+M2ChpZQnAC8h8i4ZFkBS8X5RqkDBHA7r4hej3K9A==

rechoir@^0.6.2:
  version "0.6.2"
  resolved "http://localhost:4873/rechoir/-/rechoir-0.6.2.tgz#85204b54dba82d5742e28c96756ef43af50e3384"
  integrity sha512-HFM8rkZ+i3zrV+4LQjwQ0W+ez98pApMGM3HUrN04j3CqzPOzl9nmP15Y8YXNm8QHGv/eacOVEjqhmWpkRV0NAw==
  dependencies:
    resolve "^1.1.6"

resolve@^1.1.6:
  version "1.22.12"
  resolved "http://localhost:4873/resolve/-/resolve-1.22.12.tgz#f5b2a680897c69c238a13cd16b15671f8b73549f"
  integrity sha512-TyeJ1zif53BPfHootBGwPRYT1RUt6oGWsaQr8UyZW/eAm9bKoijtvruSDEmZHm92CwS9nj7/fWttqPCgzep8CA==
  dependencies:
    es-errors "^1.3.0"
    is-core-module "^2.16.1"
    path-parse "^1.0.7"
    supports-preserve-symlinks-flag "^1.0.0"

reusify@^1.0.4:
  version "1.1.0"
  resolved "http://localhost:4873/reusify/-/reusify-1.1.0.tgz#0fe13b9522e1473f51b558ee796e08f11f9b489f"
  integrity sha512-g6QUff04oZpHs0eG5p83rFLhHeV00ug/Yf9nZM6fLeUrPguBTkTQOdpAWWspMh55TZfVQDPaN3NQJfbVRAxdIw==

run-parallel@^1.1.9:
  version "1.2.0"
  resolved "http://localhost:4873/run-parallel/-/run-parallel-1.2.0.tgz#66d1368da7bdf921eb9d95bd1a9229e7f21a43ee"
  integrity sha512-5l4VyZR86LZ/lDxZTR6jqL8AFE2S0IFLMP26AbjsLVADxHdhB/c0GUsH+y39UfCi3dzz8OlQuPmnaJOMoDHQBA==
  dependencies:
    queue-microtask "^1.2.2"

rxjs@^7.8.1:
  version "7.8.2"
  resolved "http://localhost:4873/rxjs/-/rxjs-7.8.2.tgz#955bc473ed8af11a002a2be52071bf475638607b"
  integrity sha512-dhKf903U/PQZY6boNNtAGdWbG85WAbjT/1xYoZIC7FAY0yWapOBQVsVrDl58W86//e1VpMNBtRV4MaXfdMySFA==
  dependencies:
    tslib "^2.1.0"

semver@^5.0.1:
  version "5.7.2"
  resolved "http://localhost:4873/semver/-/semver-5.7.2.tgz#48d55db737c3287cd4835e17fa13feace1c41ef8"
  integrity sha512-cBznnQ9KjJqU67B52RMC65CMarK2600WFnbkcaiwWq3xy/5haFJlshgnpjovMVJ+Hff49d8GEn0b87C5pDQ10g==

shelljs@^0.8.5:
  version "0.8.5"
  resolved "http://localhost:4873/shelljs/-/shelljs-0.8.5.tgz#de055408d8361bed66c669d2f000538ced8ee20c"
  integrity sha512-TiwcRcrkhHvbrZbnRcFYMLl30Dfov3HKqzp5tO5b4pt6G/SezKcYhmDg15zXVBswHmctSAQKznqNW2LO5tTDow==
  dependencies:
    glob "^7.0.0"
    interpret "^1.0.0"
    rechoir "^0.6.2"

shx@^0.3.4:
  version "0.3.4"
  resolved "http://localhost:4873/shx/-/shx-0.3.4.tgz#74289230b4b663979167f94e1935901406e40f02"
  integrity sha512-N6A9MLVqjxZYcVn8hLmtneQWIJtp8IKzMP4eMnx+nqkvXoqinUPCbUFLp2UcWTEIUONhlk0ewxr/jaVGlc+J+g==
  dependencies:
    minimist "^1.2.3"
    shelljs "^0.8.5"

slash@^5.1.0:
  version "5.1.0"
  resolved "http://localhost:4873/slash/-/slash-5.1.0.tgz#be3adddcdf09ac38eebe8dcdc7b1a57a75b095ce"
  integrity sha512-ZA6oR3T/pEyuqwMgAKT0/hAv8oAXckzbkmR0UkUosQ+Mc4RxGoJkRmwHgHufaenlyAgE1Mxgpdcrf75y6XcnDg==

strata.foundation.core@0.0.0-snapshot:
  version "0.0.0-snapshot.1776123992155"
  resolved "http://localhost:4873/strata.foundation.core/-/strata.foundation.core-0.0.0-snapshot.1776123992155.tgz#5016fb38b324d0896d1addb436564fe0e73cd2a6"
  integrity sha512-M3+im9NTyvg3JQ6O2enqbWYKn1baxTPW1uB83kVgmWR8juNbDuReZjPK6TX2DempfFPa6oQMplkqs1fGLFLBtQ==
  dependencies:
    "@js-joda/core" "^5.5.3"
    guid-typescript "^1.0.9"
    rxjs "^7.8.1"

supports-preserve-symlinks-flag@^1.0.0:
  version "1.0.0"
  resolved "http://localhost:4873/supports-preserve-symlinks-flag/-/supports-preserve-symlinks-flag-1.0.0.tgz#6eda4bd344a3c94aea376d4cc31bc77311039e09"
  integrity sha512-ot0WnXS9fgdkgIcePe6RHNk1WA8+muPa6cSjeR3V8K27q9BB1rTE3R1p7Hv0z1ZyAc8s6Vvv8DIyWf681MAt0w==

to-regex-range@^5.0.1:
  version "5.0.1"
  resolved "http://localhost:4873/to-regex-range/-/to-regex-range-5.0.1.tgz#1648c44aae7c8d988a326018ed72f5b4dd0392e4"
  integrity sha512-65P7iz6X5yEr1cwcgvQxbbIw7Uk3gOy5dIdtZ4rDveLqhrdJP+Li/Hx6tyK0NEb+2GCyneCMJiGqrADCSNk8sQ==
  dependencies:
    is-number "^7.0.0"

tslib@^2.1.0:
  version "2.8.1"
  resolved "http://localhost:4873/tslib/-/tslib-2.8.1.tgz#612efe4ed235d567e8aba5f2a5fab70280ade83f"
  integrity sha512-oJFu94HQb+KVduSUQL7wnpmqnfmLsOA/nAh6b6EH0wCEoK0/mPeXU6c3wKDV83MkOuHPRHtSXKKU99IBazS/2w==

typescript@^5.2.2:
  version "5.9.3"
  resolved "http://localhost:4873/typescript/-/typescript-5.9.3.tgz#5b4f59e15310ab17a216f5d6cf53ee476ede670f"
  integrity sha512-jl1vZzPDinLr9eUt3J/t7V6FgNEw9QjvBPdysz9KfQDD41fQrC2Y4vKQdiaUpFT4bXlb1RHhLpp8wtm6M5TgSw==

undici-types@~6.21.0:
  version "6.21.0"
  resolved "http://localhost:4873/undici-types/-/undici-types-6.21.0.tgz#691d00af3909be93a7faa13be61b3a5b50ef12cb"
  integrity sha512-iwDZqg0QAGrg9Rav5H4n0M64c3mkR59cJ6wQp+7C4nI0gsmExaedaYLNO44eT4AtBBwjbTiGPMlt2Md0T9H9JQ==

unicorn-magic@^0.3.0:
  version "0.3.0"
  resolved "http://localhost:4873/unicorn-magic/-/unicorn-magic-0.3.0.tgz#4efd45c85a69e0dd576d25532fbfa22aa5c8a104"
  integrity sha512-+QBBXBCvifc56fsbuxZQ6Sic3wqqc3WWaqxs58gvJrcOuN83HGTCwz3oS5phzU9LthRNE9VrJCFCLUgHeeFnfA==

wrappy@1:
  version "1.0.2"
  resolved "http://localhost:4873/wrappy/-/wrappy-1.0.2.tgz#b5243d8f3ec1aa35f1364605bc0d1036e30ab69f"
  integrity sha512-l4Sp/DRseor9wL6EvV2+TuQn63dMkPjZ/sp9XkghTEbV9KlPS1xUsZ3u7/IQO4wxtcFB4bgpQPRcR3QCvezPcQ==
